// !$*UTF8*$!
{
	archiveVersion = 1;
	classes = {
	};
	objectVersion = 51;
	objects = {

/* Begin PBXBuildFile section */
		3CC20585A477949673F7528E /* Pods_Marvel.framework in Frameworks */ = {isa = PBXBuildFile; fileRef = D98B26C1C94B304CEAAC938D /* Pods_Marvel.framework */; };
		DB358EBF236A09B300F78265 /* Image.swift in Sources */ = {isa = PBXBuildFile; fileRef = DB358EBE236A09B300F78265 /* Image.swift */; };
		DB3C163B2362236B007E31F2 /* Character.swift in Sources */ = {isa = PBXBuildFile; fileRef = DB3C163A2362236B007E31F2 /* Character.swift */; };
		DB3C163E23622CB5007E31F2 /* HeroesDetails2.swift in Sources */ = {isa = PBXBuildFile; fileRef = DB3C163D23622CB5007E31F2 /* HeroesDetails2.swift */; };
		DB85D80C2363A0F400F7C457 /* FavoritesTableViewController.swift in Sources */ = {isa = PBXBuildFile; fileRef = DB85D80B2363A0F400F7C457 /* FavoritesTableViewController.swift */; };
		DBC15793239E878600D11A3A /* SearchHeroView.swift in Sources */ = {isa = PBXBuildFile; fileRef = DBC15792239E878600D11A3A /* SearchHeroView.swift */; };
		DBC15797239E895E00D11A3A /* SearchHeroPresenter.swift in Sources */ = {isa = PBXBuildFile; fileRef = DBC15796239E895E00D11A3A /* SearchHeroPresenter.swift */; };
		DBC157A823A1581500D11A3A /* MarvelTests.swift in Sources */ = {isa = PBXBuildFile; fileRef = DBC157A723A1581500D11A3A /* MarvelTests.swift */; };
		DBF53A882350E1EE00295AE4 /* AppDelegate.swift in Sources */ = {isa = PBXBuildFile; fileRef = DBF53A872350E1EE00295AE4 /* AppDelegate.swift */; };
		DBF53A8A2350E1EE00295AE4 /* SearchHeroeViewController.swift in Sources */ = {isa = PBXBuildFile; fileRef = DBF53A892350E1EE00295AE4 /* SearchHeroeViewController.swift */; };
		DBF53A8D2350E1EE00295AE4 /* Main.storyboard in Resources */ = {isa = PBXBuildFile; fileRef = DBF53A8B2350E1EE00295AE4 /* Main.storyboard */; };
		DBF53A8F2350E1F000295AE4 /* Assets.xcassets in Resources */ = {isa = PBXBuildFile; fileRef = DBF53A8E2350E1F000295AE4 /* Assets.xcassets */; };
		DBF53A922350E1F000295AE4 /* LaunchScreen.storyboard in Resources */ = {isa = PBXBuildFile; fileRef = DBF53A902350E1F000295AE4 /* LaunchScreen.storyboard */; };
/* End PBXBuildFile section */

/* Begin PBXContainerItemProxy section */
		DBC157AA23A1581500D11A3A /* PBXContainerItemProxy */ = {
			isa = PBXContainerItemProxy;
			containerPortal = DBF53A7C2350E1EE00295AE4 /* Project object */;
			proxyType = 1;
			remoteGlobalIDString = DBF53A832350E1EE00295AE4;
			remoteInfo = Marvel;
		};
/* End PBXContainerItemProxy section */

/* Begin PBXFileReference section */
		194DF0C06A4859963D0B1BB0 /* Pods-Marvel.debug.xcconfig */ = {isa = PBXFileReference; includeInIndex = 1; lastKnownFileType = text.xcconfig; name = "Pods-Marvel.debug.xcconfig"; path = "Target Support Files/Pods-Marvel/Pods-Marvel.debug.xcconfig"; sourceTree = "<group>"; };
		71C5842B0F649D11B60D551D /* Pods-Marvel.release.xcconfig */ = {isa = PBXFileReference; includeInIndex = 1; lastKnownFileType = text.xcconfig; name = "Pods-Marvel.release.xcconfig"; path = "Target Support Files/Pods-Marvel/Pods-Marvel.release.xcconfig"; sourceTree = "<group>"; };
		D98B26C1C94B304CEAAC938D /* Pods_Marvel.framework */ = {isa = PBXFileReference; explicitFileType = wrapper.framework; includeInIndex = 0; path = Pods_Marvel.framework; sourceTree = BUILT_PRODUCTS_DIR; };
		DB358EBE236A09B300F78265 /* Image.swift */ = {isa = PBXFileReference; lastKnownFileType = sourcecode.swift; path = Image.swift; sourceTree = "<group>"; };
		DB3C163A2362236B007E31F2 /* Character.swift */ = {isa = PBXFileReference; lastKnownFileType = sourcecode.swift; path = Character.swift; sourceTree = "<group>"; };
		DB3C163D23622CB5007E31F2 /* HeroesDetails2.swift */ = {isa = PBXFileReference; lastKnownFileType = sourcecode.swift; path = HeroesDetails2.swift; sourceTree = "<group>"; };
		DB85D80B2363A0F400F7C457 /* FavoritesTableViewController.swift */ = {isa = PBXFileReference; lastKnownFileType = sourcecode.swift; path = FavoritesTableViewController.swift; sourceTree = "<group>"; };
		DBC15792239E878600D11A3A /* SearchHeroView.swift */ = {isa = PBXFileReference; lastKnownFileType = sourcecode.swift; path = SearchHeroView.swift; sourceTree = "<group>"; };
		DBC15796239E895E00D11A3A /* SearchHeroPresenter.swift */ = {isa = PBXFileReference; lastKnownFileType = sourcecode.swift; path = SearchHeroPresenter.swift; sourceTree = "<group>"; };
		DBC157A523A1581500D11A3A /* MarvelTests.xctest */ = {isa = PBXFileReference; explicitFileType = wrapper.cfbundle; includeInIndex = 0; path = MarvelTests.xctest; sourceTree = BUILT_PRODUCTS_DIR; };
		DBC157A723A1581500D11A3A /* MarvelTests.swift */ = {isa = PBXFileReference; lastKnownFileType = sourcecode.swift; path = MarvelTests.swift; sourceTree = "<group>"; };
		DBC157A923A1581500D11A3A /* Info.plist */ = {isa = PBXFileReference; lastKnownFileType = text.plist.xml; path = Info.plist; sourceTree = "<group>"; };
		DBF53A842350E1EE00295AE4 /* Marvel.app */ = {isa = PBXFileReference; explicitFileType = wrapper.application; includeInIndex = 0; path = Marvel.app; sourceTree = BUILT_PRODUCTS_DIR; };
		DBF53A872350E1EE00295AE4 /* AppDelegate.swift */ = {isa = PBXFileReference; lastKnownFileType = sourcecode.swift; path = AppDelegate.swift; sourceTree = "<group>"; };
		DBF53A892350E1EE00295AE4 /* SearchHeroeViewController.swift */ = {isa = PBXFileReference; lastKnownFileType = sourcecode.swift; path = SearchHeroeViewController.swift; sourceTree = "<group>"; };
		DBF53A8C2350E1EE00295AE4 /* Base */ = {isa = PBXFileReference; lastKnownFileType = file.storyboard; name = Base; path = Base.lproj/Main.storyboard; sourceTree = "<group>"; };
		DBF53A8E2350E1F000295AE4 /* Assets.xcassets */ = {isa = PBXFileReference; lastKnownFileType = folder.assetcatalog; path = Assets.xcassets; sourceTree = "<group>"; };
		DBF53A912350E1F000295AE4 /* Base */ = {isa = PBXFileReference; lastKnownFileType = file.storyboard; name = Base; path = Base.lproj/LaunchScreen.storyboard; sourceTree = "<group>"; };
		DBF53A932350E1F000295AE4 /* Info.plist */ = {isa = PBXFileReference; lastKnownFileType = text.plist.xml; path = Info.plist; sourceTree = "<group>"; };
/* End PBXFileReference section */

/* Begin PBXFrameworksBuildPhase section */
		DBC157A223A1581500D11A3A /* Frameworks */ = {
			isa = PBXFrameworksBuildPhase;
			buildActionMask = 2147483647;
			files = (
			);
			runOnlyForDeploymentPostprocessing = 0;
		};
		DBF53A812350E1EE00295AE4 /* Frameworks */ = {
			isa = PBXFrameworksBuildPhase;
			buildActionMask = 2147483647;
			files = (
				3CC20585A477949673F7528E /* Pods_Marvel.framework in Frameworks */,
			);
			runOnlyForDeploymentPostprocessing = 0;
		};
/* End PBXFrameworksBuildPhase section */

/* Begin PBXGroup section */
		560DC7506DEC1C9A94548AAF /* Pods */ = {
			isa = PBXGroup;
			children = (
				194DF0C06A4859963D0B1BB0 /* Pods-Marvel.debug.xcconfig */,
				71C5842B0F649D11B60D551D /* Pods-Marvel.release.xcconfig */,
			);
			path = Pods;
			sourceTree = "<group>";
		};
		DB3C163C23622386007E31F2 /* Models */ = {
			isa = PBXGroup;
			children = (
				DB3C163A2362236B007E31F2 /* Character.swift */,
				DB358EBE236A09B300F78265 /* Image.swift */,
			);
			path = Models;
			sourceTree = "<group>";
		};
		DBC15798239EE01800D11A3A /* Search */ = {
			isa = PBXGroup;
			children = (
				DBC15792239E878600D11A3A /* SearchHeroView.swift */,
				DBF53A892350E1EE00295AE4 /* SearchHeroeViewController.swift */,
				DBC15796239E895E00D11A3A /* SearchHeroPresenter.swift */,
			);
			path = Search;
			sourceTree = "<group>";
		};
		DBC1579A239EE1B100D11A3A /* Resources */ = {
			isa = PBXGroup;
			children = (
				DBF53A902350E1F000295AE4 /* LaunchScreen.storyboard */,
				DBF53A8E2350E1F000295AE4 /* Assets.xcassets */,
				DBF53A872350E1EE00295AE4 /* AppDelegate.swift */,
				DBF53A8B2350E1EE00295AE4 /* Main.storyboard */,
			);
			path = Resources;
			sourceTree = "<group>";
		};
		DBC1579C239EE26200D11A3A /* Favorites */ = {
			isa = PBXGroup;
			children = (
				DB85D80B2363A0F400F7C457 /* FavoritesTableViewController.swift */,
			);
			path = Favorites;
			sourceTree = "<group>";
		};
		DBC1579D239EE4C100D11A3A /* Details */ = {
			isa = PBXGroup;
			children = (
				DB3C163D23622CB5007E31F2 /* HeroesDetails2.swift */,
			);
			path = Details;
			sourceTree = "<group>";
		};
		DBC157A623A1581500D11A3A /* MarvelTests */ = {
			isa = PBXGroup;
			children = (
				DBC157A723A1581500D11A3A /* MarvelTests.swift */,
				DBC157A923A1581500D11A3A /* Info.plist */,
			);
			path = MarvelTests;
			sourceTree = "<group>";
		};
		DBF53A7B2350E1EE00295AE4 = {
			isa = PBXGroup;
			children = (
				DBF53A862350E1EE00295AE4 /* Marvel */,
				DBC157A623A1581500D11A3A /* MarvelTests */,
				DBF53A852350E1EE00295AE4 /* Products */,
				560DC7506DEC1C9A94548AAF /* Pods */,
				EDCDB2099CB91185E55EADE3 /* Frameworks */,
			);
			sourceTree = "<group>";
		};
		DBF53A852350E1EE00295AE4 /* Products */ = {
			isa = PBXGroup;
			children = (
				DBF53A842350E1EE00295AE4 /* Marvel.app */,
				DBC157A523A1581500D11A3A /* MarvelTests.xctest */,
			);
			name = Products;
			sourceTree = "<group>";
		};
		DBF53A862350E1EE00295AE4 /* Marvel */ = {
			isa = PBXGroup;
			children = (
				DBF53A932350E1F000295AE4 /* Info.plist */,
				DBC15798239EE01800D11A3A /* Search */,
				DBC1579D239EE4C100D11A3A /* Details */,
				DBC1579C239EE26200D11A3A /* Favorites */,
				DB3C163C23622386007E31F2 /* Models */,
				DBC1579A239EE1B100D11A3A /* Resources */,
			);
			path = Marvel;
			sourceTree = "<group>";
		};
		EDCDB2099CB91185E55EADE3 /* Frameworks */ = {
			isa = PBXGroup;
			children = (
				D98B26C1C94B304CEAAC938D /* Pods_Marvel.framework */,
			);
			name = Frameworks;
			sourceTree = "<group>";
		};
/* End PBXGroup section */

/* Begin PBXNativeTarget section */
		DBC157A423A1581500D11A3A /* MarvelTests */ = {
			isa = PBXNativeTarget;
			buildConfigurationList = DBC157AC23A1581500D11A3A /* Build configuration list for PBXNativeTarget "MarvelTests" */;
			buildPhases = (
				DBC157A123A1581500D11A3A /* Sources */,
				DBC157A223A1581500D11A3A /* Frameworks */,
				DBC157A323A1581500D11A3A /* Resources */,
			);
			buildRules = (
			);
			dependencies = (
				DBC157AB23A1581500D11A3A /* PBXTargetDependency */,
			);
			name = MarvelTests;
			productName = MarvelTests;
			productReference = DBC157A523A1581500D11A3A /* MarvelTests.xctest */;
			productType = "com.apple.product-type.bundle.unit-test";
		};
		DBF53A832350E1EE00295AE4 /* Marvel */ = {
			isa = PBXNativeTarget;
			buildConfigurationList = DBF53A962350E1F000295AE4 /* Build configuration list for PBXNativeTarget "Marvel" */;
			buildPhases = (
				82DF925C60E33E7B961FDA69 /* [CP] Check Pods Manifest.lock */,
				DBF53A802350E1EE00295AE4 /* Sources */,
				DBF53A812350E1EE00295AE4 /* Frameworks */,
				DBF53A822350E1EE00295AE4 /* Resources */,
				457F428D792937E91E5E4346 /* [CP] Embed Pods Frameworks */,
			);
			buildRules = (
			);
			dependencies = (
			);
			name = Marvel;
			productName = Marvel;
			productReference = DBF53A842350E1EE00295AE4 /* Marvel.app */;
			productType = "com.apple.product-type.application";
		};
/* End PBXNativeTarget section */

/* Begin PBXProject section */
		DBF53A7C2350E1EE00295AE4 /* Project object */ = {
			isa = PBXProject;
			attributes = {
				LastSwiftUpdateCheck = 1020;
				LastUpgradeCheck = 1020;
				ORGANIZATIONNAME = "Thiago Bevilacqua";
				TargetAttributes = {
					DBC157A423A1581500D11A3A = {
						CreatedOnToolsVersion = 10.2.1;
						TestTargetID = DBF53A832350E1EE00295AE4;
					};
					DBF53A832350E1EE00295AE4 = {
						CreatedOnToolsVersion = 10.2.1;
					};
				};
			};
			buildConfigurationList = DBF53A7F2350E1EE00295AE4 /* Build configuration list for PBXProject "Marvel" */;
			compatibilityVersion = "Xcode 9.3";
			developmentRegion = en;
			hasScannedForEncodings = 0;
			knownRegions = (
				en,
				Base,
			);
			mainGroup = DBF53A7B2350E1EE00295AE4;
			productRefGroup = DBF53A852350E1EE00295AE4 /* Products */;
			projectDirPath = "";
			projectRoot = "";
			targets = (
				DBF53A832350E1EE00295AE4 /* Marvel */,
				DBC157A423A1581500D11A3A /* MarvelTests */,
			);
		};
/* End PBXProject section */

/* Begin PBXResourcesBuildPhase section */
		DBC157A323A1581500D11A3A /* Resources */ = {
			isa = PBXResourcesBuildPhase;
			buildActionMask = 2147483647;
			files = (
			);
			runOnlyForDeploymentPostprocessing = 0;
		};
		DBF53A822350E1EE00295AE4 /* Resources */ = {
			isa = PBXResourcesBuildPhase;
			buildActionMask = 2147483647;
			files = (
				DBF53A922350E1F000295AE4 /* LaunchScreen.storyboard in Resources */,
				DBF53A8F2350E1F000295AE4 /* Assets.xcassets in Resources */,
				DBF53A8D2350E1EE00295AE4 /* Main.storyboard in Resources */,
			);
			runOnlyForDeploymentPostprocessing = 0;
		};
/* End PBXResourcesBuildPhase section */

/* Begin PBXShellScriptBuildPhase section */
		457F428D792937E91E5E4346 /* [CP] Embed Pods Frameworks */ = {
			isa = PBXShellScriptBuildPhase;
			buildActionMask = 2147483647;
			files = (
			);
			inputFileListPaths = (
				"${PODS_ROOT}/Target Support Files/Pods-Marvel/Pods-Marvel-frameworks-${CONFIGURATION}-input-files.xcfilelist",
			);
			name = "[CP] Embed Pods Frameworks";
			outputFileListPaths = (
				"${PODS_ROOT}/Target Support Files/Pods-Marvel/Pods-Marvel-frameworks-${CONFIGURATION}-output-files.xcfilelist",
			);
			runOnlyForDeploymentPostprocessing = 0;
			shellPath = /bin/sh;
			shellScript = "\"${PODS_ROOT}/Target Support Files/Pods-Marvel/Pods-Marvel-frameworks.sh\"\n";
			showEnvVarsInLog = 0;
		};
		82DF925C60E33E7B961FDA69 /* [CP] Check Pods Manifest.lock */ = {
			isa = PBXShellScriptBuildPhase;
			buildActionMask = 2147483647;
			files = (
			);
			inputFileListPaths = (
			);
			inputPaths = (
				"${PODS_PODFILE_DIR_PATH}/Podfile.lock",
				"${PODS_ROOT}/Manifest.lock",
			);
			name = "[CP] Check Pods Manifest.lock";
			outputFileListPaths = (
			);
			outputPaths = (
				"$(DERIVED_FILE_DIR)/Pods-Marvel-checkManifestLockResult.txt",
			);
			runOnlyForDeploymentPostprocessing = 0;
			shellPath = /bin/sh;
			shellScript = "diff \"${PODS_PODFILE_DIR_PATH}/Podfile.lock\" \"${PODS_ROOT}/Manifest.lock\" > /dev/null\nif [ $? != 0 ] ; then\n    # print error to STDERR\n    echo \"error: The sandbox is not in sync with the Podfile.lock. Run 'pod install' or update your CocoaPods installation.\" >&2\n    exit 1\nfi\n# This output is used by Xcode 'outputs' to avoid re-running this script phase.\necho \"SUCCESS\" > \"${SCRIPT_OUTPUT_FILE_0}\"\n";
			showEnvVarsInLog = 0;
		};
/* End PBXShellScriptBuildPhase section */

/* Begin PBXSourcesBuildPhase section */
		DBC157A123A1581500D11A3A /* Sources */ = {
			isa = PBXSourcesBuildPhase;
			buildActionMask = 2147483647;
			files = (
				DBC157A823A1581500D11A3A /* MarvelTests.swift in Sources */,
			);
			runOnlyForDeploymentPostprocessing = 0;
		};
		DBF53A802350E1EE00295AE4 /* Sources */ = {
			isa = PBXSourcesBuildPhase;
			buildActionMask = 2147483647;
			files = (
				DBC15797239E895E00D11A3A /* SearchHeroPresenter.swift in Sources */,
				DB3C163B2362236B007E31F2 /* Character.swift in Sources */,
				DB358EBF236A09B300F78265 /* Image.swift in Sources */,
				DB3C163E23622CB5007E31F2 /* HeroesDetails2.swift in Sources */,
				DBF53A8A2350E1EE00295AE4 /* SearchHeroeViewController.swift in Sources */,
				DB85D80C2363A0F400F7C457 /* FavoritesTableViewController.swift in Sources */,
				DBC15793239E878600D11A3A /* SearchHeroView.swift in Sources */,
				DBF53A882350E1EE00295AE4 /* AppDelegate.swift in Sources */,
			);
			runOnlyForDeploymentPostprocessing = 0;
		};
/* End PBXSourcesBuildPhase section */

/* Begin PBXTargetDependency section */
		DBC157AB23A1581500D11A3A /* PBXTargetDependency */ = {
			isa = PBXTargetDependency;
			target = DBF53A832350E1EE00295AE4 /* Marvel */;
			targetProxy = DBC157AA23A1581500D11A3A /* PBXContainerItemProxy */;
		};
/* End PBXTargetDependency section */

/* Begin PBXVariantGroup section */
		DBF53A8B2350E1EE00295AE4 /* Main.storyboard */ = {
			isa = PBXVariantGroup;
			children = (
				DBF53A8C2350E1EE00295AE4 /* Base */,
			);
			name = Main.storyboard;
			sourceTree = "<group>";
		};
		DBF53A902350E1F000295AE4 /* LaunchScreen.storyboard */ = {
			isa = PBXVariantGroup;
			children = (
				DBF53A912350E1F000295AE4 /* Base */,
			);
			name = LaunchScreen.storyboard;
			sourceTree = "<group>";
		};
/* End PBXVariantGroup section */

/* Begin XCBuildConfiguration section */
		DBC157AD23A1581500D11A3A /* Debug */ = {
			isa = XCBuildConfiguration;
			buildSettings = {
				BUNDLE_LOADER = "$(TEST_HOST)";
				CODE_SIGN_STYLE = Automatic;
				INFOPLIST_FILE = MarvelTests/Info.plist;
				LD_RUNPATH_SEARCH_PATHS = (
					"$(inherited)",
					"@executable_path/Frameworks",
					"@loader_path/Frameworks",
				);
				PRODUCT_BUNDLE_IDENTIFIER = thiagoApps.MarvelTests;
				PRODUCT_NAME = "$(TARGET_NAME)";
				SWIFT_VERSION = 5.0;
				TARGETED_DEVICE_FAMILY = "1,2";
				TEST_HOST = "$(BUILT_PRODUCTS_DIR)/Marvel.app/Marvel";
			};
			name = Debug;
		};
		DBC157AE23A1581500D11A3A /* Release */ = {
			isa = XCBuildConfiguration;
			buildSettings = {
				BUNDLE_LOADER = "$(TEST_HOST)";
				CODE_SIGN_STYLE = Automatic;
				INFOPLIST_FILE = MarvelTests/Info.plist;
				LD_RUNPATH_SEARCH_PATHS = (
					"$(inherited)",
					"@executable_path/Frameworks",
					"@loader_path/Frameworks",
				);
				PRODUCT_BUNDLE_IDENTIFIER = thiagoApps.MarvelTests;
				PRODUCT_NAME = "$(TARGET_NAME)";
				SWIFT_VERSION = 5.0;
				TARGETED_DEVICE_FAMILY = "1,2";
				TEST_HOST = "$(BUILT_PRODUCTS_DIR)/Marvel.app/Marvel";
			};
			name = Release;
		};
		DBF53A942350E1F000295AE4 /* Debug */ = {
			isa = XCBuildConfiguration;
			buildSettings = {
				ALWAYS_SEARCH_USER_PATHS = NO;
				CLANG_ANALYZER_NONNULL = YES;
				CLANG_ANALYZER_NUMBER_OBJECT_CONVERSION = YES_AGGRESSIVE;
				CLANG_CXX_LANGUAGE_STANDARD = "gnu++14";
				CLANG_CXX_LIBRARY = "libc++";
				CLANG_ENABLE_MODULES = YES;
				CLANG_ENABLE_OBJC_ARC = YES;
				CLANG_ENABLE_OBJC_WEAK = YES;
				CLANG_WARN_BLOCK_CAPTURE_AUTORELEASING = YES;
				CLANG_WARN_BOOL_CONVERSION = YES;
				CLANG_WARN_COMMA = YES;
				CLANG_WARN_CONSTANT_CONVERSION = YES;
				CLANG_WARN_DEPRECATED_OBJC_IMPLEMENTATIONS = YES;
				CLANG_WARN_DIRECT_OBJC_ISA_USAGE = YES_ERROR;
				CLANG_WARN_DOCUMENTATION_COMMENTS = YES;
				CLANG_WARN_EMPTY_BODY = YES;
				CLANG_WARN_ENUM_CONVERSION = YES;
				CLANG_WARN_INFINITE_RECURSION = YES;
				CLANG_WARN_INT_CONVERSION = YES;
				CLANG_WARN_NON_LITERAL_NULL_CONVERSION = YES;
				CLANG_WARN_OBJC_IMPLICIT_RETAIN_SELF = YES;
				CLANG_WARN_OBJC_LITERAL_CONVERSION = YES;
				CLANG_WARN_OBJC_ROOT_CLASS = YES_ERROR;
				CLANG_WARN_RANGE_LOOP_ANALYSIS = YES;
				CLANG_WARN_STRICT_PROTOTYPES = YES;
				CLANG_WARN_SUSPICIOUS_MOVE = YES;
				CLANG_WARN_UNGUARDED_AVAILABILITY = YES_AGGRESSIVE;
				CLANG_WARN_UNREACHABLE_CODE = YES;
				CLANG_WARN__DUPLICATE_METHOD_MATCH = YES;
				CODE_SIGN_IDENTITY = "iPhone Developer";
				COPY_PHASE_STRIP = NO;
				DEBUG_INFORMATION_FORMAT = dwarf;
				ENABLE_STRICT_OBJC_MSGSEND = YES;
				ENABLE_TESTABILITY = YES;
				GCC_C_LANGUAGE_STANDARD = gnu11;
				GCC_DYNAMIC_NO_PIC = NO;
				GCC_NO_COMMON_BLOCKS = YES;
				GCC_OPTIMIZATION_LEVEL = 0;
				GCC_PREPROCESSOR_DEFINITIONS = (
					"DEBUG=1",
					"$(inherited)",
				);
				GCC_WARN_64_TO_32_BIT_CONVERSION = YES;
				GCC_WARN_ABOUT_RETURN_TYPE = YES_ERROR;
				GCC_WARN_UNDECLARED_SELECTOR = YES;
				GCC_WARN_UNINITIALIZED_AUTOS = YES_AGGRESSIVE;
				GCC_WARN_UNUSED_FUNCTION = YES;
				GCC_WARN_UNUSED_VARIABLE = YES;
				IPHONEOS_DEPLOYMENT_TARGET = 12.2;
				MTL_ENABLE_DEBUG_INFO = INCLUDE_SOURCE;
				MTL_FAST_MATH = YES;
				ONLY_ACTIVE_ARCH = YES;
				SDKROOT = iphoneos;
				SWIFT_ACTIVE_COMPILATION_CONDITIONS = DEBUG;
				SWIFT_OPTIMIZATION_LEVEL = "-Onone";
			};
			name = Debug;
		};
		DBF53A952350E1F000295AE4 /* Release */ = {
			isa = XCBuildConfiguration;
			buildSettings = {
				ALWAYS_SEARCH_USER_PATHS = NO;
				CLANG_ANALYZER_NONNULL = YES;
				CLANG_ANALYZER_NUMBER_OBJECT_CONVERSION = YES_AGGRESSIVE;
				CLANG_CXX_LANGUAGE_STANDARD = "gnu++14";
				CLANG_CXX_LIBRARY = "libc++";
				CLANG_ENABLE_MODULES = YES;
				CLANG_ENABLE_OBJC_ARC = YES;
				CLANG_ENABLE_OBJC_WEAK = YES;
				CLANG_WARN_BLOCK_CAPTURE_AUTORELEASING = YES;
				CLANG_WARN_BOOL_CONVERSION = YES;
				CLANG_WARN_COMMA = YES;
				CLANG_WARN_CONSTANT_CONVERSION = YES;
				CLANG_WARN_DEPRECATED_OBJC_IMPLEMENTATIONS = YES;
				CLANG_WARN_DIRECT_OBJC_ISA_USAGE = YES_ERROR;
				CLANG_WARN_DOCUMENTATION_COMMENTS = YES;
				CLANG_WARN_EMPTY_BODY = YES;
				CLANG_WARN_ENUM_CONVERSION = YES;
				CLANG_WARN_INFINITE_RECURSION = YES;
				CLANG_WARN_INT_CONVERSION = YES;
				CLANG_WARN_NON_LITERAL_NULL_CONVERSION = YES;
				CLANG_WARN_OBJC_IMPLICIT_RETAIN_SELF = YES;
				CLANG_WARN_OBJC_LITERAL_CONVERSION = YES;
				CLANG_WARN_OBJC_ROOT_CLASS = YES_ERROR;
				CLANG_WARN_RANGE_LOOP_ANALYSIS = YES;
				CLANG_WARN_STRICT_PROTOTYPES = YES;
				CLANG_WARN_SUSPICIOUS_MOVE = YES;
				CLANG_WARN_UNGUARDED_AVAILABILITY = YES_AGGRESSIVE;
				CLANG_WARN_UNREACHABLE_CODE = YES;
				CLANG_WARN__DUPLICATE_METHOD_MATCH = YES;
				CODE_SIGN_IDENTITY = "iPhone Developer";
				COPY_PHASE_STRIP = NO;
				DEBUG_INFORMATION_FORMAT = "dwarf-with-dsym";
				ENABLE_NS_ASSERTIONS = NO;
				ENABLE_STRICT_OBJC_MSGSEND = YES;
				GCC_C_LANGUAGE_STANDARD = gnu11;
				GCC_NO_COMMON_BLOCKS = YES;
				GCC_WARN_64_TO_32_BIT_CONVERSION = YES;
				GCC_WARN_ABOUT_RETURN_TYPE = YES_ERROR;
				GCC_WARN_UNDECLARED_SELECTOR = YES;
				GCC_WARN_UNINITIALIZED_AUTOS = YES_AGGRESSIVE;
				GCC_WARN_UNUSED_FUNCTION = YES;
				GCC_WARN_UNUSED_VARIABLE = YES;
				IPHONEOS_DEPLOYMENT_TARGET = 12.2;
				MTL_ENABLE_DEBUG_INFO = NO;
				MTL_FAST_MATH = YES;
				SDKROOT = iphoneos;
				SWIFT_COMPILATION_MODE = wholemodule;
				SWIFT_OPTIMIZATION_LEVEL = "-O";
				VALIDATE_PRODUCT = YES;
			};
			name = Release;
		};
		DBF53A972350E1F000295AE4 /* Debug */ = {
			isa = XCBuildConfiguration;
			baseConfigurationReference = 194DF0C06A4859963D0B1BB0 /* Pods-Marvel.debug.xcconfig */;
			buildSettings = {
				ASSETCATALOG_COMPILER_APPICON_NAME = AppIcon;
				CODE_SIGN_STYLE = Automatic;
				DEVELOPMENT_TEAM = YCKSQEZ843;
				INFOPLIST_FILE = Marvel/Info.plist;
				LD_RUNPATH_SEARCH_PATHS = (
					"$(inherited)",
					"@executable_path/Frameworks",
				);
				PRODUCT_BUNDLE_IDENTIFIER = thiagoApps.Marvel;
				PRODUCT_NAME = "$(TARGET_NAME)";
				SWIFT_VERSION = 5.0;
				TARGETED_DEVICE_FAMILY = "1,2";
			};
			name = Debug;
		};
		DBF53A982350E1F000295AE4 /* Release */ = {
			isa = XCBuildConfiguration;
			baseConfigurationReference = 71C5842B0F649D11B60D551D /* Pods-Marvel.release.xcconfig */;
			buildSettings = {
				ASSETCATALOG_COMPILER_APPICON_NAME = AppIcon;
				CODE_SIGN_STYLE = Automatic;
				DEVELOPMENT_TEAM = YCKSQEZ843;
				INFOPLIST_FILE = Marvel/Info.plist;
				LD_RUNPATH_SEARCH_PATHS = (
					"$(inherited)",
					"@executable_path/Frameworks",
				);
				PRODUCT_BUNDLE_IDENTIFIER = thiagoApps.Marvel;
				PRODUCT_NAME = "$(TARGET_NAME)";
				SWIFT_VERSION = 5.0;
				TARGETED_DEVICE_FAMILY = "1,2";
			};
			name = Release;
		};
/* End XCBuildConfiguration section */

/* Begin XCConfigurationList section */
		DBC157AC23A1581500D11A3A /* Build configuration list for PBXNativeTarget "MarvelTests" */ = {
			isa = XCConfigurationList;
			buildConfigurations = (
				DBC157AD23A1581500D11A3A /* Debug */,
				DBC157AE23A1581500D11A3A /* Release */,
			);
			defaultConfigurationIsVisible = 0;
			defaultConfigurationName = Release;
		};
		DBF53A7F2350E1EE00295AE4 /* Build configuration list for PBXProject "Marvel" */ = {
			isa = XCConfigurationList;
			buildConfigurations = (
				DBF53A942350E1F000295AE4 /* Debug */,
				DBF53A952350E1F000295AE4 /* Release */,
			);
			defaultConfigurationIsVisible = 0;
			defaultConfigurationName = Release;
		};
		DBF53A962350E1F000295AE4 /* Build configuration list for PBXNativeTarget "Marvel" */ = {
			isa = XCConfigurationList;
			buildConfigurations = (
				DBF53A972350E1F000295AE4 /* Debug */,
				DBF53A982350E1F000295AE4 /* Release */,
			);
			defaultConfigurationIsVisible = 0;
			defaultConfigurationName = Release;
		};
/* End XCConfigurationList section */
	};
	rootObject = DBF53A7C2350E1EE00295AE4 /* Project object */;
}
