// !$*UTF8*$!
{
	archiveVersion = 1;
	classes = {
	};
	objectVersion = 50;
	objects = {

/* Begin PBXBuildFile section */
		DBB488C122F0B22E00E8939E /* AppDelegate.swift in Sources */ = {isa = PBXBuildFile; fileRef = DBB488C022F0B22E00E8939E /* AppDelegate.swift */; };
		DBB488C322F0B22E00E8939E /* ChecklistViewController.swift in Sources */ = {isa = PBXBuildFile; fileRef = DBB488C222F0B22E00E8939E /* ChecklistViewController.swift */; };
		DBB488C622F0B22E00E8939E /* Main.storyboard in Resources */ = {isa = PBXBuildFile; fileRef = DBB488C422F0B22E00E8939E /* Main.storyboard */; };
		DBB488C822F0B23000E8939E /* Assets.xcassets in Resources */ = {isa = PBXBuildFile; fileRef = DBB488C722F0B23000E8939E /* Assets.xcassets */; };
		DBB488CB22F0B23000E8939E /* LaunchScreen.storyboard in Resources */ = {isa = PBXBuildFile; fileRef = DBB488C922F0B23000E8939E /* LaunchScreen.storyboard */; };
		DBB488D622F0B23000E8939E /* ToDo_RAYTests.swift in Sources */ = {isa = PBXBuildFile; fileRef = DBB488D522F0B23000E8939E /* ToDo_RAYTests.swift */; };
		DBB488E122F0B23000E8939E /* ToDo_RAYUITests.swift in Sources */ = {isa = PBXBuildFile; fileRef = DBB488E022F0B23000E8939E /* ToDo_RAYUITests.swift */; };
		DBB488EF22F230BE00E8939E /* CheckItemFile.swift in Sources */ = {isa = PBXBuildFile; fileRef = DBB488EE22F230BE00E8939E /* CheckItemFile.swift */; };
		DBB488F122F327FF00E8939E /* TodoList.swift in Sources */ = {isa = PBXBuildFile; fileRef = DBB488F022F327FF00E8939E /* TodoList.swift */; };
		DBB488F722F4B95200E8939E /* AddTableViewController.swift in Sources */ = {isa = PBXBuildFile; fileRef = DBB488F622F4B95200E8939E /* AddTableViewController.swift */; };
/* End PBXBuildFile section */

/* Begin PBXContainerItemProxy section */
		DBB488D222F0B23000E8939E /* PBXContainerItemProxy */ = {
			isa = PBXContainerItemProxy;
			containerPortal = DBB488B522F0B22E00E8939E /* Project object */;
			proxyType = 1;
			remoteGlobalIDString = DBB488BC22F0B22E00E8939E;
			remoteInfo = ToDo_RAY;
		};
		DBB488DD22F0B23000E8939E /* PBXContainerItemProxy */ = {
			isa = PBXContainerItemProxy;
			containerPortal = DBB488B522F0B22E00E8939E /* Project object */;
			proxyType = 1;
			remoteGlobalIDString = DBB488BC22F0B22E00E8939E;
			remoteInfo = ToDo_RAY;
		};
/* End PBXContainerItemProxy section */

/* Begin PBXFileReference section */
		DBB488BD22F0B22E00E8939E /* ToDo_RAY.app */ = {isa = PBXFileReference; explicitFileType = wrapper.application; includeInIndex = 0; path = ToDo_RAY.app; sourceTree = BUILT_PRODUCTS_DIR; };
		DBB488C022F0B22E00E8939E /* AppDelegate.swift */ = {isa = PBXFileReference; lastKnownFileType = sourcecode.swift; path = AppDelegate.swift; sourceTree = "<group>"; };
		DBB488C222F0B22E00E8939E /* ChecklistViewController.swift */ = {isa = PBXFileReference; lastKnownFileType = sourcecode.swift; path = ChecklistViewController.swift; sourceTree = "<group>"; };
		DBB488C522F0B22E00E8939E /* Base */ = {isa = PBXFileReference; lastKnownFileType = file.storyboard; name = Base; path = Base.lproj/Main.storyboard; sourceTree = "<group>"; };
		DBB488C722F0B23000E8939E /* Assets.xcassets */ = {isa = PBXFileReference; lastKnownFileType = folder.assetcatalog; path = Assets.xcassets; sourceTree = "<group>"; };
		DBB488CA22F0B23000E8939E /* Base */ = {isa = PBXFileReference; lastKnownFileType = file.storyboard; name = Base; path = Base.lproj/LaunchScreen.storyboard; sourceTree = "<group>"; };
		DBB488CC22F0B23000E8939E /* Info.plist */ = {isa = PBXFileReference; lastKnownFileType = text.plist.xml; path = Info.plist; sourceTree = "<group>"; };
		DBB488D122F0B23000E8939E /* ToDo_RAYTests.xctest */ = {isa = PBXFileReference; explicitFileType = wrapper.cfbundle; includeInIndex = 0; path = ToDo_RAYTests.xctest; sourceTree = BUILT_PRODUCTS_DIR; };
		DBB488D522F0B23000E8939E /* ToDo_RAYTests.swift */ = {isa = PBXFileReference; lastKnownFileType = sourcecode.swift; path = ToDo_RAYTests.swift; sourceTree = "<group>"; };
		DBB488D722F0B23000E8939E /* Info.plist */ = {isa = PBXFileReference; lastKnownFileType = text.plist.xml; path = Info.plist; sourceTree = "<group>"; };
		DBB488DC22F0B23000E8939E /* ToDo_RAYUITests.xctest */ = {isa = PBXFileReference; explicitFileType = wrapper.cfbundle; includeInIndex = 0; path = ToDo_RAYUITests.xctest; sourceTree = BUILT_PRODUCTS_DIR; };
		DBB488E022F0B23000E8939E /* ToDo_RAYUITests.swift */ = {isa = PBXFileReference; lastKnownFileType = sourcecode.swift; path = ToDo_RAYUITests.swift; sourceTree = "<group>"; };
		DBB488E222F0B23000E8939E /* Info.plist */ = {isa = PBXFileReference; lastKnownFileType = text.plist.xml; path = Info.plist; sourceTree = "<group>"; };
		DBB488EE22F230BE00E8939E /* CheckItemFile.swift */ = {isa = PBXFileReference; lastKnownFileType = sourcecode.swift; path = CheckItemFile.swift; sourceTree = "<group>"; };
		DBB488F022F327FF00E8939E /* TodoList.swift */ = {isa = PBXFileReference; lastKnownFileType = sourcecode.swift; path = TodoList.swift; sourceTree = "<group>"; };
		DBB488F622F4B95200E8939E /* AddTableViewController.swift */ = {isa = PBXFileReference; lastKnownFileType = sourcecode.swift; path = AddTableViewController.swift; sourceTree = "<group>"; };
/* End PBXFileReference section */

/* Begin PBXFrameworksBuildPhase section */
		DBB488BA22F0B22E00E8939E /* Frameworks */ = {
			isa = PBXFrameworksBuildPhase;
			buildActionMask = 2147483647;
			files = (
			);
			runOnlyForDeploymentPostprocessing = 0;
		};
		DBB488CE22F0B23000E8939E /* Frameworks */ = {
			isa = PBXFrameworksBuildPhase;
			buildActionMask = 2147483647;
			files = (
			);
			runOnlyForDeploymentPostprocessing = 0;
		};
		DBB488D922F0B23000E8939E /* Frameworks */ = {
			isa = PBXFrameworksBuildPhase;
			buildActionMask = 2147483647;
			files = (
			);
			runOnlyForDeploymentPostprocessing = 0;
		};
/* End PBXFrameworksBuildPhase section */

/* Begin PBXGroup section */
		DBB488B422F0B22E00E8939E = {
			isa = PBXGroup;
			children = (
				DBB488BF22F0B22E00E8939E /* ToDo_RAY */,
				DBB488D422F0B23000E8939E /* ToDo_RAYTests */,
				DBB488DF22F0B23000E8939E /* ToDo_RAYUITests */,
				DBB488BE22F0B22E00E8939E /* Products */,
			);
			sourceTree = "<group>";
		};
		DBB488BE22F0B22E00E8939E /* Products */ = {
			isa = PBXGroup;
			children = (
				DBB488BD22F0B22E00E8939E /* ToDo_RAY.app */,
				DBB488D122F0B23000E8939E /* ToDo_RAYTests.xctest */,
				DBB488DC22F0B23000E8939E /* ToDo_RAYUITests.xctest */,
			);
			name = Products;
			sourceTree = "<group>";
		};
		DBB488BF22F0B22E00E8939E /* ToDo_RAY */ = {
			isa = PBXGroup;
			children = (
				DBB488C022F0B22E00E8939E /* AppDelegate.swift */,
				DBB488C222F0B22E00E8939E /* ChecklistViewController.swift */,
				DBB488F022F327FF00E8939E /* TodoList.swift */,
				DBB488C422F0B22E00E8939E /* Main.storyboard */,
				DBB488C722F0B23000E8939E /* Assets.xcassets */,
				DBB488C922F0B23000E8939E /* LaunchScreen.storyboard */,
				DBB488CC22F0B23000E8939E /* Info.plist */,
				DBB488EE22F230BE00E8939E /* CheckItemFile.swift */,
				DBB488F622F4B95200E8939E /* AddTableViewController.swift */,
			);
			path = ToDo_RAY;
			sourceTree = "<group>";
		};
		DBB488D422F0B23000E8939E /* ToDo_RAYTests */ = {
			isa = PBXGroup;
			children = (
				DBB488D522F0B23000E8939E /* ToDo_RAYTests.swift */,
				DBB488D722F0B23000E8939E /* Info.plist */,
			);
			path = ToDo_RAYTests;
			sourceTree = "<group>";
		};
		DBB488DF22F0B23000E8939E /* ToDo_RAYUITests */ = {
			isa = PBXGroup;
			children = (
				DBB488E022F0B23000E8939E /* ToDo_RAYUITests.swift */,
				DBB488E222F0B23000E8939E /* Info.plist */,
			);
			path = ToDo_RAYUITests;
			sourceTree = "<group>";
		};
/* End PBXGroup section */

/* Begin PBXNativeTarget section */
		DBB488BC22F0B22E00E8939E /* ToDo_RAY */ = {
			isa = PBXNativeTarget;
			buildConfigurationList = DBB488E522F0B23000E8939E /* Build configuration list for PBXNativeTarget "ToDo_RAY" */;
			buildPhases = (
				DBB488B922F0B22E00E8939E /* Sources */,
				DBB488BA22F0B22E00E8939E /* Frameworks */,
				DBB488BB22F0B22E00E8939E /* Resources */,
			);
			buildRules = (
			);
			dependencies = (
			);
			name = ToDo_RAY;
			productName = ToDo_RAY;
			productReference = DBB488BD22F0B22E00E8939E /* ToDo_RAY.app */;
			productType = "com.apple.product-type.application";
		};
		DBB488D022F0B23000E8939E /* ToDo_RAYTests */ = {
			isa = PBXNativeTarget;
			buildConfigurationList = DBB488E822F0B23000E8939E /* Build configuration list for PBXNativeTarget "ToDo_RAYTests" */;
			buildPhases = (
				DBB488CD22F0B23000E8939E /* Sources */,
				DBB488CE22F0B23000E8939E /* Frameworks */,
				DBB488CF22F0B23000E8939E /* Resources */,
			);
			buildRules = (
			);
			dependencies = (
				DBB488D322F0B23000E8939E /* PBXTargetDependency */,
			);
			name = ToDo_RAYTests;
			productName = ToDo_RAYTests;
			productReference = DBB488D122F0B23000E8939E /* ToDo_RAYTests.xctest */;
			productType = "com.apple.product-type.bundle.unit-test";
		};
		DBB488DB22F0B23000E8939E /* ToDo_RAYUITests */ = {
			isa = PBXNativeTarget;
			buildConfigurationList = DBB488EB22F0B23000E8939E /* Build configuration list for PBXNativeTarget "ToDo_RAYUITests" */;
			buildPhases = (
				DBB488D822F0B23000E8939E /* Sources */,
				DBB488D922F0B23000E8939E /* Frameworks */,
				DBB488DA22F0B23000E8939E /* Resources */,
			);
			buildRules = (
			);
			dependencies = (
				DBB488DE22F0B23000E8939E /* PBXTargetDependency */,
			);
			name = ToDo_RAYUITests;
			productName = ToDo_RAYUITests;
			productReference = DBB488DC22F0B23000E8939E /* ToDo_RAYUITests.xctest */;
			productType = "com.apple.product-type.bundle.ui-testing";
		};
/* End PBXNativeTarget section */

/* Begin PBXProject section */
		DBB488B522F0B22E00E8939E /* Project object */ = {
			isa = PBXProject;
			attributes = {
				LastSwiftUpdateCheck = 1020;
				LastUpgradeCheck = 1020;
				ORGANIZATIONNAME = "Thiago Bevilacqua";
				TargetAttributes = {
					DBB488BC22F0B22E00E8939E = {
						CreatedOnToolsVersion = 10.2.1;
					};
					DBB488D022F0B23000E8939E = {
						CreatedOnToolsVersion = 10.2.1;
						TestTargetID = DBB488BC22F0B22E00E8939E;
					};
					DBB488DB22F0B23000E8939E = {
						CreatedOnToolsVersion = 10.2.1;
						TestTargetID = DBB488BC22F0B22E00E8939E;
					};
				};
			};
			buildConfigurationList = DBB488B822F0B22E00E8939E /* Build configuration list for PBXProject "ToDo_RAY" */;
			compatibilityVersion = "Xcode 9.3";
			developmentRegion = en;
			hasScannedForEncodings = 0;
			knownRegions = (
				en,
				Base,
			);
			mainGroup = DBB488B422F0B22E00E8939E;
			productRefGroup = DBB488BE22F0B22E00E8939E /* Products */;
			projectDirPath = "";
			projectRoot = "";
			targets = (
				DBB488BC22F0B22E00E8939E /* ToDo_RAY */,
				DBB488D022F0B23000E8939E /* ToDo_RAYTests */,
				DBB488DB22F0B23000E8939E /* ToDo_RAYUITests */,
			);
		};
/* End PBXProject section */

/* Begin PBXResourcesBuildPhase section */
		DBB488BB22F0B22E00E8939E /* Resources */ = {
			isa = PBXResourcesBuildPhase;
			buildActionMask = 2147483647;
			files = (
				DBB488CB22F0B23000E8939E /* LaunchScreen.storyboard in Resources */,
				DBB488C822F0B23000E8939E /* Assets.xcassets in Resources */,
				DBB488C622F0B22E00E8939E /* Main.storyboard in Resources */,
			);
			runOnlyForDeploymentPostprocessing = 0;
		};
		DBB488CF22F0B23000E8939E /* Resources */ = {
			isa = PBXResourcesBuildPhase;
			buildActionMask = 2147483647;
			files = (
			);
			runOnlyForDeploymentPostprocessing = 0;
		};
		DBB488DA22F0B23000E8939E /* Resources */ = {
			isa = PBXResourcesBuildPhase;
			buildActionMask = 2147483647;
			files = (
			);
			runOnlyForDeploymentPostprocessing = 0;
		};
/* End PBXResourcesBuildPhase section */

/* Begin PBXSourcesBuildPhase section */
		DBB488B922F0B22E00E8939E /* Sources */ = {
			isa = PBXSourcesBuildPhase;
			buildActionMask = 2147483647;
			files = (
				DBB488C322F0B22E00E8939E /* ChecklistViewController.swift in Sources */,
				DBB488C122F0B22E00E8939E /* AppDelegate.swift in Sources */,
				DBB488EF22F230BE00E8939E /* CheckItemFile.swift in Sources */,
				DBB488F122F327FF00E8939E /* TodoList.swift in Sources */,
				DBB488F722F4B95200E8939E /* AddTableViewController.swift in Sources */,
			);
			runOnlyForDeploymentPostprocessing = 0;
		};
		DBB488CD22F0B23000E8939E /* Sources */ = {
			isa = PBXSourcesBuildPhase;
			buildActionMask = 2147483647;
			files = (
				DBB488D622F0B23000E8939E /* ToDo_RAYTests.swift in Sources */,
			);
			runOnlyForDeploymentPostprocessing = 0;
		};
		DBB488D822F0B23000E8939E /* Sources */ = {
			isa = PBXSourcesBuildPhase;
			buildActionMask = 2147483647;
			files = (
				DBB488E122F0B23000E8939E /* ToDo_RAYUITests.swift in Sources */,
			);
			runOnlyForDeploymentPostprocessing = 0;
		};
/* End PBXSourcesBuildPhase section */

/* Begin PBXTargetDependency section */
		DBB488D322F0B23000E8939E /* PBXTargetDependency */ = {
			isa = PBXTargetDependency;
			target = DBB488BC22F0B22E00E8939E /* ToDo_RAY */;
			targetProxy = DBB488D222F0B23000E8939E /* PBXContainerItemProxy */;
		};
		DBB488DE22F0B23000E8939E /* PBXTargetDependency */ = {
			isa = PBXTargetDependency;
			target = DBB488BC22F0B22E00E8939E /* ToDo_RAY */;
			targetProxy = DBB488DD22F0B23000E8939E /* PBXContainerItemProxy */;
		};
/* End PBXTargetDependency section */

/* Begin PBXVariantGroup section */
		DBB488C422F0B22E00E8939E /* Main.storyboard */ = {
			isa = PBXVariantGroup;
			children = (
				DBB488C522F0B22E00E8939E /* Base */,
			);
			name = Main.storyboard;
			sourceTree = "<group>";
		};
		DBB488C922F0B23000E8939E /* LaunchScreen.storyboard */ = {
			isa = PBXVariantGroup;
			children = (
				DBB488CA22F0B23000E8939E /* Base */,
			);
			name = LaunchScreen.storyboard;
			sourceTree = "<group>";
		};
/* End PBXVariantGroup section */

/* Begin XCBuildConfiguration section */
		DBB488E322F0B23000E8939E /* Debug */ = {
			isa = XCBuildConfiguration;
			buildSettings = {
				ALWAYS_SEARCH_USER_PATHS = NO;
				CLANG_ANALYZER_NONNULL = YES;
				CLANG_ANALYZER_NUMBER_OBJECT_CONVERSION = YES_AGGRESSIVE;
				CLANG_CXX_LANGUAGE_STANDARD = "gnu++14";
				CLANG_CXX_LIBRARY = "libc++";
				CLANG_ENABLE_MODULES = YES;
				CLANG_ENABLE_OBJC_ARC = YES;
				CLANG_ENABLE_OBJC_WEAK = YES;
				CLANG_WARN_BLOCK_CAPTURE_AUTORELEASING = YES;
				CLANG_WARN_BOOL_CONVERSION = YES;
				CLANG_WARN_COMMA = YES;
				CLANG_WARN_CONSTANT_CONVERSION = YES;
				CLANG_WARN_DEPRECATED_OBJC_IMPLEMENTATIONS = YES;
				CLANG_WARN_DIRECT_OBJC_ISA_USAGE = YES_ERROR;
				CLANG_WARN_DOCUMENTATION_COMMENTS = YES;
				CLANG_WARN_EMPTY_BODY = YES;
				CLANG_WARN_ENUM_CONVERSION = YES;
				CLANG_WARN_INFINITE_RECURSION = YES;
				CLANG_WARN_INT_CONVERSION = YES;
				CLANG_WARN_NON_LITERAL_NULL_CONVERSION = YES;
				CLANG_WARN_OBJC_IMPLICIT_RETAIN_SELF = YES;
				CLANG_WARN_OBJC_LITERAL_CONVERSION = YES;
				CLANG_WARN_OBJC_ROOT_CLASS = YES_ERROR;
				CLANG_WARN_RANGE_LOOP_ANALYSIS = YES;
				CLANG_WARN_STRICT_PROTOTYPES = YES;
				CLANG_WARN_SUSPICIOUS_MOVE = YES;
				CLANG_WARN_UNGUARDED_AVAILABILITY = YES_AGGRESSIVE;
				CLANG_WARN_UNREACHABLE_CODE = YES;
				CLANG_WARN__DUPLICATE_METHOD_MATCH = YES;
				CODE_SIGN_IDENTITY = "iPhone Developer";
				COPY_PHASE_STRIP = NO;
				DEBUG_INFORMATION_FORMAT = dwarf;
				ENABLE_STRICT_OBJC_MSGSEND = YES;
				ENABLE_TESTABILITY = YES;
				GCC_C_LANGUAGE_STANDARD = gnu11;
				GCC_DYNAMIC_NO_PIC = NO;
				GCC_NO_COMMON_BLOCKS = YES;
				GCC_OPTIMIZATION_LEVEL = 0;
				GCC_PREPROCESSOR_DEFINITIONS = (
					"DEBUG=1",
					"$(inherited)",
				);
				GCC_WARN_64_TO_32_BIT_CONVERSION = YES;
				GCC_WARN_ABOUT_RETURN_TYPE = YES_ERROR;
				GCC_WARN_UNDECLARED_SELECTOR = YES;
				GCC_WARN_UNINITIALIZED_AUTOS = YES_AGGRESSIVE;
				GCC_WARN_UNUSED_FUNCTION = YES;
				GCC_WARN_UNUSED_VARIABLE = YES;
				IPHONEOS_DEPLOYMENT_TARGET = 12.2;
				MTL_ENABLE_DEBUG_INFO = INCLUDE_SOURCE;
				MTL_FAST_MATH = YES;
				ONLY_ACTIVE_ARCH = YES;
				SDKROOT = iphoneos;
				SWIFT_ACTIVE_COMPILATION_CONDITIONS = DEBUG;
				SWIFT_OPTIMIZATION_LEVEL = "-Onone";
			};
			name = Debug;
		};
		DBB488E422F0B23000E8939E /* Release */ = {
			isa = XCBuildConfiguration;
			buildSettings = {
				ALWAYS_SEARCH_USER_PATHS = NO;
				CLANG_ANALYZER_NONNULL = YES;
				CLANG_ANALYZER_NUMBER_OBJECT_CONVERSION = YES_AGGRESSIVE;
				CLANG_CXX_LANGUAGE_STANDARD = "gnu++14";
				CLANG_CXX_LIBRARY = "libc++";
				CLANG_ENABLE_MODULES = YES;
				CLANG_ENABLE_OBJC_ARC = YES;
				CLANG_ENABLE_OBJC_WEAK = YES;
				CLANG_WARN_BLOCK_CAPTURE_AUTORELEASING = YES;
				CLANG_WARN_BOOL_CONVERSION = YES;
				CLANG_WARN_COMMA = YES;
				CLANG_WARN_CONSTANT_CONVERSION = YES;
				CLANG_WARN_DEPRECATED_OBJC_IMPLEMENTATIONS = YES;
				CLANG_WARN_DIRECT_OBJC_ISA_USAGE = YES_ERROR;
				CLANG_WARN_DOCUMENTATION_COMMENTS = YES;
				CLANG_WARN_EMPTY_BODY = YES;
				CLANG_WARN_ENUM_CONVERSION = YES;
				CLANG_WARN_INFINITE_RECURSION = YES;
				CLANG_WARN_INT_CONVERSION = YES;
				CLANG_WARN_NON_LITERAL_NULL_CONVERSION = YES;
				CLANG_WARN_OBJC_IMPLICIT_RETAIN_SELF = YES;
				CLANG_WARN_OBJC_LITERAL_CONVERSION = YES;
				CLANG_WARN_OBJC_ROOT_CLASS = YES_ERROR;
				CLANG_WARN_RANGE_LOOP_ANALYSIS = YES;
				CLANG_WARN_STRICT_PROTOTYPES = YES;
				CLANG_WARN_SUSPICIOUS_MOVE = YES;
				CLANG_WARN_UNGUARDED_AVAILABILITY = YES_AGGRESSIVE;
				CLANG_WARN_UNREACHABLE_CODE = YES;
				CLANG_WARN__DUPLICATE_METHOD_MATCH = YES;
				CODE_SIGN_IDENTITY = "iPhone Developer";
				COPY_PHASE_STRIP = NO;
				DEBUG_INFORMATION_FORMAT = "dwarf-with-dsym";
				ENABLE_NS_ASSERTIONS = NO;
				ENABLE_STRICT_OBJC_MSGSEND = YES;
				GCC_C_LANGUAGE_STANDARD = gnu11;
				GCC_NO_COMMON_BLOCKS = YES;
				GCC_WARN_64_TO_32_BIT_CONVERSION = YES;
				GCC_WARN_ABOUT_RETURN_TYPE = YES_ERROR;
				GCC_WARN_UNDECLARED_SELECTOR = YES;
				GCC_WARN_UNINITIALIZED_AUTOS = YES_AGGRESSIVE;
				GCC_WARN_UNUSED_FUNCTION = YES;
				GCC_WARN_UNUSED_VARIABLE = YES;
				IPHONEOS_DEPLOYMENT_TARGET = 12.2;
				MTL_ENABLE_DEBUG_INFO = NO;
				MTL_FAST_MATH = YES;
				SDKROOT = iphoneos;
				SWIFT_COMPILATION_MODE = wholemodule;
				SWIFT_OPTIMIZATION_LEVEL = "-O";
				VALIDATE_PRODUCT = YES;
			};
			name = Release;
		};
		DBB488E622F0B23000E8939E /* Debug */ = {
			isa = XCBuildConfiguration;
			buildSettings = {
				ASSETCATALOG_COMPILER_APPICON_NAME = AppIcon;
				CODE_SIGN_STYLE = Automatic;
				INFOPLIST_FILE = ToDo_RAY/Info.plist;
				LD_RUNPATH_SEARCH_PATHS = (
					"$(inherited)",
					"@executable_path/Frameworks",
				);
				PRODUCT_BUNDLE_IDENTIFIER = "thiagoApps.ToDo-RAY";
				PRODUCT_NAME = "$(TARGET_NAME)";
				SWIFT_VERSION = 5.0;
				TARGETED_DEVICE_FAMILY = "1,2";
			};
			name = Debug;
		};
		DBB488E722F0B23000E8939E /* Release */ = {
			isa = XCBuildConfiguration;
			buildSettings = {
				ASSETCATALOG_COMPILER_APPICON_NAME = AppIcon;
				CODE_SIGN_STYLE = Automatic;
				INFOPLIST_FILE = ToDo_RAY/Info.plist;
				LD_RUNPATH_SEARCH_PATHS = (
					"$(inherited)",
					"@executable_path/Frameworks",
				);
				PRODUCT_BUNDLE_IDENTIFIER = "thiagoApps.ToDo-RAY";
				PRODUCT_NAME = "$(TARGET_NAME)";
				SWIFT_VERSION = 5.0;
				TARGETED_DEVICE_FAMILY = "1,2";
			};
			name = Release;
		};
		DBB488E922F0B23000E8939E /* Debug */ = {
			isa = XCBuildConfiguration;
			buildSettings = {
				ALWAYS_EMBED_SWIFT_STANDARD_LIBRARIES = YES;
				BUNDLE_LOADER = "$(TEST_HOST)";
				CODE_SIGN_STYLE = Automatic;
				INFOPLIST_FILE = ToDo_RAYTests/Info.plist;
				LD_RUNPATH_SEARCH_PATHS = (
					"$(inherited)",
					"@executable_path/Frameworks",
					"@loader_path/Frameworks",
				);
				PRODUCT_BUNDLE_IDENTIFIER = "thiagoApps.ToDo-RAYTests";
				PRODUCT_NAME = "$(TARGET_NAME)";
				SWIFT_VERSION = 5.0;
				TARGETED_DEVICE_FAMILY = "1,2";
				TEST_HOST = "$(BUILT_PRODUCTS_DIR)/ToDo_RAY.app/ToDo_RAY";
			};
			name = Debug;
		};
		DBB488EA22F0B23000E8939E /* Release */ = {
			isa = XCBuildConfiguration;
			buildSettings = {
				ALWAYS_EMBED_SWIFT_STANDARD_LIBRARIES = YES;
				BUNDLE_LOADER = "$(TEST_HOST)";
				CODE_SIGN_STYLE = Automatic;
				INFOPLIST_FILE = ToDo_RAYTests/Info.plist;
				LD_RUNPATH_SEARCH_PATHS = (
					"$(inherited)",
					"@executable_path/Frameworks",
					"@loader_path/Frameworks",
				);
				PRODUCT_BUNDLE_IDENTIFIER = "thiagoApps.ToDo-RAYTests";
				PRODUCT_NAME = "$(TARGET_NAME)";
				SWIFT_VERSION = 5.0;
				TARGETED_DEVICE_FAMILY = "1,2";
				TEST_HOST = "$(BUILT_PRODUCTS_DIR)/ToDo_RAY.app/ToDo_RAY";
			};
			name = Release;
		};
		DBB488EC22F0B23000E8939E /* Debug */ = {
			isa = XCBuildConfiguration;
			buildSettings = {
				ALWAYS_EMBED_SWIFT_STANDARD_LIBRARIES = YES;
				CODE_SIGN_STYLE = Automatic;
				INFOPLIST_FILE = ToDo_RAYUITests/Info.plist;
				LD_RUNPATH_SEARCH_PATHS = (
					"$(inherited)",
					"@executable_path/Frameworks",
					"@loader_path/Frameworks",
				);
				PRODUCT_BUNDLE_IDENTIFIER = "thiagoApps.ToDo-RAYUITests";
				PRODUCT_NAME = "$(TARGET_NAME)";
				SWIFT_VERSION = 5.0;
				TARGETED_DEVICE_FAMILY = "1,2";
				TEST_TARGET_NAME = ToDo_RAY;
			};
			name = Debug;
		};
		DBB488ED22F0B23000E8939E /* Release */ = {
			isa = XCBuildConfiguration;
			buildSettings = {
				ALWAYS_EMBED_SWIFT_STANDARD_LIBRARIES = YES;
				CODE_SIGN_STYLE = Automatic;
				INFOPLIST_FILE = ToDo_RAYUITests/Info.plist;
				LD_RUNPATH_SEARCH_PATHS = (
					"$(inherited)",
					"@executable_path/Frameworks",
					"@loader_path/Frameworks",
				);
				PRODUCT_BUNDLE_IDENTIFIER = "thiagoApps.ToDo-RAYUITests";
				PRODUCT_NAME = "$(TARGET_NAME)";
				SWIFT_VERSION = 5.0;
				TARGETED_DEVICE_FAMILY = "1,2";
				TEST_TARGET_NAME = ToDo_RAY;
			};
			name = Release;
		};
/* End XCBuildConfiguration section */

/* Begin XCConfigurationList section */
		DBB488B822F0B22E00E8939E /* Build configuration list for PBXProject "ToDo_RAY" */ = {
			isa = XCConfigurationList;
			buildConfigurations = (
				DBB488E322F0B23000E8939E /* Debug */,
				DBB488E422F0B23000E8939E /* Release */,
			);
			defaultConfigurationIsVisible = 0;
			defaultConfigurationName = Release;
		};
		DBB488E522F0B23000E8939E /* Build configuration list for PBXNativeTarget "ToDo_RAY" */ = {
			isa = XCConfigurationList;
			buildConfigurations = (
				DBB488E622F0B23000E8939E /* Debug */,
				DBB488E722F0B23000E8939E /* Release */,
			);
			defaultConfigurationIsVisible = 0;
			defaultConfigurationName = Release;
		};
		DBB488E822F0B23000E8939E /* Build configuration list for PBXNativeTarget "ToDo_RAYTests" */ = {
			isa = XCConfigurationList;
			buildConfigurations = (
				DBB488E922F0B23000E8939E /* Debug */,
				DBB488EA22F0B23000E8939E /* Release */,
			);
			defaultConfigurationIsVisible = 0;
			defaultConfigurationName = Release;
		};
		DBB488EB22F0B23000E8939E /* Build configuration list for PBXNativeTarget "ToDo_RAYUITests" */ = {
			isa = XCConfigurationList;
			buildConfigurations = (
				DBB488EC22F0B23000E8939E /* Debug */,
				DBB488ED22F0B23000E8939E /* Release */,
			);
			defaultConfigurationIsVisible = 0;
			defaultConfigurationName = Release;
		};
/* End XCConfigurationList section */
	};
	rootObject = DBB488B522F0B22E00E8939E /* Project object */;
}
